
Microsoft Visual Studio Solution File, Format Version 12.00
# Visual Studio Version 16
VisualStudioVersion = 16.0.30320.27
MinimumVisualStudioVersion = 10.0.40219.1
Project("{FAE04EC0-301F-11D3-BF4B-00C04F79EFBC}") = "BookStore", "BookStore.csproj", "{3B42EA90-DC9A-44EF-AF6F-B20286A50B42}"
EndProject
Project("{FAE04EC0-301F-11D3-BF4B-00C04F79EFBC}") = "BookStore.Data", "..\BookStore.Data\BookStore.Data.csproj", "{8FE0C75C-BCCE-420C-A16B-F5368C207288}"
EndProject
Global
	GlobalSection(SolutionConfigurationPlatforms) = preSolution
		Debug|Any CPU = Debug|Any CPU
		Release|Any CPU = Release|Any CPU
	EndGlobalSection
	GlobalSection(ProjectConfigurationPlatforms) = postSolution
		{3B42EA90-DC9A-44EF-AF6F-B20286A50B42}.Debug|Any CPU.ActiveCfg = Debug|Any CPU
		{3B42EA90-DC9A-44EF-AF6F-B20286A50B42}.Debug|Any CPU.Build.0 = Debug|Any CPU
		{3B42EA90-DC9A-44EF-AF6F-B20286A50B42}.Release|Any CPU.ActiveCfg = Release|Any CPU
		{3B42EA90-DC9A-44EF-AF6F-B20286A50B42}.Release|Any CPU.Build.0 = Release|Any CPU
		{8FE0C75C-BCCE-420C-A16B-F5368C207288}.Debug|Any CPU.ActiveCfg = Debug|Any CPU
		{8FE0C75C-BCCE-420C-A16B-F5368C207288}.Debug|Any CPU.Build.0 = Debug|Any CPU
		{8FE0C75C-BCCE-420C-A16B-F5368C207288}.Release|Any CPU.ActiveCfg = Release|Any CPU
		{8FE0C75C-BCCE-420C-A16B-F5368C207288}.Release|Any CPU.Build.0 = Release|Any CPU
	EndGlobalSection
	GlobalSection(SolutionProperties) = preSolution
		HideSolutionNode = FALSE
	EndGlobalSection
	GlobalSection(ExtensibilityGlobals) = postSolution
		SolutionGuid = {C74CB07D-B547-4BB0-86DC-70487CFEEF0F}
	EndGlobalSection
EndGlobal
